
Microsoft Visual Studio Solution File, Format Version 12.00
# Visual Studio Version 16
VisualStudioVersion = 16.0.29920.165
MinimumVisualStudioVersion = 10.0.40219.1
Project("{2150E333-8FDC-42A3-9474-1A3956D46DE8}") = "Examples", "Examples", "{8E2EB6C9-971E-4D1A-8847-0FE20F785B4D}"
EndProject
Project("{9A19103F-16F7-4668-BE54-9A1E7A4F7556}") = "ExampleBrowser", "ExampleBrowser\ExampleBrowser.csproj", "{535BD5C5-1866-45E0-96B4-266EEFFDD4CA}"
EndProject
Project("{9A19103F-16F7-4668-BE54-9A1E7A4F7556}") = "ButtonDemo", "Examples\ButtonDemo\ButtonDemo.csproj", "{7441608B-B7F9-40FC-83BA-8BC6555C4D4E}"
EndProject
Project("{9A19103F-16F7-4668-BE54-9A1E7A4F7556}") = "CheckBoxDemo", "Examples\CheckBoxDemo\CheckBoxDemo.csproj", "{324F8340-160C-4576-9095-C0F63D1EEE55}"
EndProject
Project("{9A19103F-16F7-4668-BE54-9A1E7A4F7556}") = "VariousButtonsDemo", "Examples\VariousButtons\VariousButtonsDemo.csproj", "{A8A255AA-0E2B-4CA6-828B-A07C4EA75BB4}"
EndProject
Project("{9A19103F-16F7-4668-BE54-9A1E7A4F7556}") = "SQLiteDemo", "Examples\SQLiteDemo\SQLiteDemo.csproj", "{39992844-58C2-4407-A585-E94B414C5F64}"
EndProject
Project("{9A19103F-16F7-4668-BE54-9A1E7A4F7556}") = "SliderDemo", "Examples\SliderDemo\SliderDemo.csproj", "{E6B53A5A-49B0-438F-927E-D43A9C2ED9E7}"
EndProject
Project("{9A19103F-16F7-4668-BE54-9A1E7A4F7556}") = "RadioButtonDemo", "Examples\RadioButtonDemo\RadioButtonDemo.csproj", "{204D9910-34D2-4C08-81FB-3B6051A7AE95}"
EndProject
Project("{9A19103F-16F7-4668-BE54-9A1E7A4F7556}") = "ProgressBarDemo", "Examples\ProgressBarDemo\ProgressBarDemo.csproj", "{AB271144-2C9E-451C-9AB2-F45A48FAD273}"
EndProject
Project("{9A19103F-16F7-4668-BE54-9A1E7A4F7556}") = "ListViewDemo", "Examples\ListViewDemo\ListViewDemo.csproj", "{2193D19B-4DAE-4E54-A215-4CC4F5FBA1EA}"
EndProject
Project("{9A19103F-16F7-4668-BE54-9A1E7A4F7556}") = "HelloWorld", "Examples\HelloWorld\HelloWorld.csproj", "{3A39B03A-C824-40CF-AE6B-AF006E8314E5}"
EndProject
Project("{9A19103F-16F7-4668-BE54-9A1E7A4F7556}") = "GroupBoxDemo", "Examples\GroupBoxDemo\GroupBoxDemo.csproj", "{99EA2E6F-5590-4ADF-8E58-80B31989B86D}"
EndProject
Project("{9A19103F-16F7-4668-BE54-9A1E7A4F7556}") = "ExpanderDemo", "Examples\ExpanderDemo\ExpanderDemo.csproj", "{9097AB12-5C5E-4EF5-BB28-C0D80F925DD6}"
EndProject
Project("{9A19103F-16F7-4668-BE54-9A1E7A4F7556}") = "CustomerSettingSamp", "Examples\CustomerSettingSamp\CustomerSettingSamp.csproj", "{DB10189B-FF86-45C5-B865-613ACA68FF9B}"
EndProject
Project("{9A19103F-16F7-4668-BE54-9A1E7A4F7556}") = "AnimatedButton", "Examples\AnimatedButton\AnimatedButton.csproj", "{A96D6E11-36DF-46A2-AE9C-CCC6375E96C4}"
EndProject
Global
	GlobalSection(SolutionConfigurationPlatforms) = preSolution
		Debug|Any CPU = Debug|Any CPU
		Release|Any CPU = Release|Any CPU
	EndGlobalSection
	GlobalSection(ProjectConfigurationPlatforms) = postSolution
		{535BD5C5-1866-45E0-96B4-266EEFFDD4CA}.Debug|Any CPU.ActiveCfg = Debug|Any CPU
		{535BD5C5-1866-45E0-96B4-266EEFFDD4CA}.Debug|Any CPU.Build.0 = Debug|Any CPU
		{535BD5C5-1866-45E0-96B4-266EEFFDD4CA}.Release|Any CPU.ActiveCfg = Release|Any CPU
		{535BD5C5-1866-45E0-96B4-266EEFFDD4CA}.Release|Any CPU.Build.0 = Release|Any CPU
		{7441608B-B7F9-40FC-83BA-8BC6555C4D4E}.Debug|Any CPU.ActiveCfg = Debug|Any CPU
		{7441608B-B7F9-40FC-83BA-8BC6555C4D4E}.Debug|Any CPU.Build.0 = Debug|Any CPU
		{7441608B-B7F9-40FC-83BA-8BC6555C4D4E}.Release|Any CPU.ActiveCfg = Release|Any CPU
		{7441608B-B7F9-40FC-83BA-8BC6555C4D4E}.Release|Any CPU.Build.0 = Release|Any CPU
		{324F8340-160C-4576-9095-C0F63D1EEE55}.Debug|Any CPU.ActiveCfg = Debug|Any CPU
		{324F8340-160C-4576-9095-C0F63D1EEE55}.Debug|Any CPU.Build.0 = Debug|Any CPU
		{324F8340-160C-4576-9095-C0F63D1EEE55}.Release|Any CPU.ActiveCfg = Release|Any CPU
		{324F8340-160C-4576-9095-C0F63D1EEE55}.Release|Any CPU.Build.0 = Release|Any CPU
		{A8A255AA-0E2B-4CA6-828B-A07C4EA75BB4}.Debug|Any CPU.ActiveCfg = Debug|Any CPU
		{A8A255AA-0E2B-4CA6-828B-A07C4EA75BB4}.Debug|Any CPU.Build.0 = Debug|Any CPU
		{A8A255AA-0E2B-4CA6-828B-A07C4EA75BB4}.Release|Any CPU.ActiveCfg = Release|Any CPU
		{A8A255AA-0E2B-4CA6-828B-A07C4EA75BB4}.Release|Any CPU.Build.0 = Release|Any CPU
		{39992844-58C2-4407-A585-E94B414C5F64}.Debug|Any CPU.ActiveCfg = Debug|Any CPU
		{39992844-58C2-4407-A585-E94B414C5F64}.Debug|Any CPU.Build.0 = Debug|Any CPU
		{39992844-58C2-4407-A585-E94B414C5F64}.Release|Any CPU.ActiveCfg = Release|Any CPU
		{39992844-58C2-4407-A585-E94B414C5F64}.Release|Any CPU.Build.0 = Release|Any CPU
		{E6B53A5A-49B0-438F-927E-D43A9C2ED9E7}.Debug|Any CPU.ActiveCfg = Debug|Any CPU
		{E6B53A5A-49B0-438F-927E-D43A9C2ED9E7}.Debug|Any CPU.Build.0 = Debug|Any CPU
		{E6B53A5A-49B0-438F-927E-D43A9C2ED9E7}.Release|Any CPU.ActiveCfg = Release|Any CPU
		{E6B53A5A-49B0-438F-927E-D43A9C2ED9E7}.Release|Any CPU.Build.0 = Release|Any CPU
		{204D9910-34D2-4C08-81FB-3B6051A7AE95}.Debug|Any CPU.ActiveCfg = Debug|Any CPU
		{204D9910-34D2-4C08-81FB-3B6051A7AE95}.Debug|Any CPU.Build.0 = Debug|Any CPU
		{204D9910-34D2-4C08-81FB-3B6051A7AE95}.Release|Any CPU.ActiveCfg = Release|Any CPU
		{204D9910-34D2-4C08-81FB-3B6051A7AE95}.Release|Any CPU.Build.0 = Release|Any CPU
		{AB271144-2C9E-451C-9AB2-F45A48FAD273}.Debug|Any CPU.ActiveCfg = Debug|Any CPU
		{AB271144-2C9E-451C-9AB2-F45A48FAD273}.Debug|Any CPU.Build.0 = Debug|Any CPU
		{AB271144-2C9E-451C-9AB2-F45A48FAD273}.Release|Any CPU.ActiveCfg = Release|Any CPU
		{AB271144-2C9E-451C-9AB2-F45A48FAD273}.Release|Any CPU.Build.0 = Release|Any CPU
		{2193D19B-4DAE-4E54-A215-4CC4F5FBA1EA}.Debug|Any CPU.ActiveCfg = Debug|Any CPU
		{2193D19B-4DAE-4E54-A215-4CC4F5FBA1EA}.Debug|Any CPU.Build.0 = Debug|Any CPU
		{2193D19B-4DAE-4E54-A215-4CC4F5FBA1EA}.Release|Any CPU.ActiveCfg = Release|Any CPU
		{2193D19B-4DAE-4E54-A215-4CC4F5FBA1EA}.Release|Any CPU.Build.0 = Release|Any CPU
		{3A39B03A-C824-40CF-AE6B-AF006E8314E5}.Debug|Any CPU.ActiveCfg = Debug|Any CPU
		{3A39B03A-C824-40CF-AE6B-AF006E8314E5}.Debug|Any CPU.Build.0 = Debug|Any CPU
		{3A39B03A-C824-40CF-AE6B-AF006E8314E5}.Release|Any CPU.ActiveCfg = Release|Any CPU
		{3A39B03A-C824-40CF-AE6B-AF006E8314E5}.Release|Any CPU.Build.0 = Release|Any CPU
		{99EA2E6F-5590-4ADF-8E58-80B31989B86D}.Debug|Any CPU.ActiveCfg = Debug|Any CPU
		{99EA2E6F-5590-4ADF-8E58-80B31989B86D}.Debug|Any CPU.Build.0 = Debug|Any CPU
		{99EA2E6F-5590-4ADF-8E58-80B31989B86D}.Release|Any CPU.ActiveCfg = Release|Any CPU
		{99EA2E6F-5590-4ADF-8E58-80B31989B86D}.Release|Any CPU.Build.0 = Release|Any CPU
		{9097AB12-5C5E-4EF5-BB28-C0D80F925DD6}.Debug|Any CPU.ActiveCfg = Debug|Any CPU
		{9097AB12-5C5E-4EF5-BB28-C0D80F925DD6}.Debug|Any CPU.Build.0 = Debug|Any CPU
		{9097AB12-5C5E-4EF5-BB28-C0D80F925DD6}.Release|Any CPU.ActiveCfg = Release|Any CPU
		{9097AB12-5C5E-4EF5-BB28-C0D80F925DD6}.Release|Any CPU.Build.0 = Release|Any CPU
		{DB10189B-FF86-45C5-B865-613ACA68FF9B}.Debug|Any CPU.ActiveCfg = Debug|Any CPU
		{DB10189B-FF86-45C5-B865-613ACA68FF9B}.Debug|Any CPU.Build.0 = Debug|Any CPU
		{DB10189B-FF86-45C5-B865-613ACA68FF9B}.Release|Any CPU.ActiveCfg = Release|Any CPU
		{DB10189B-FF86-45C5-B865-613ACA68FF9B}.Release|Any CPU.Build.0 = Release|Any CPU
		{A96D6E11-36DF-46A2-AE9C-CCC6375E96C4}.Debug|Any CPU.ActiveCfg = Debug|Any CPU
		{A96D6E11-36DF-46A2-AE9C-CCC6375E96C4}.Debug|Any CPU.Build.0 = Debug|Any CPU
		{A96D6E11-36DF-46A2-AE9C-CCC6375E96C4}.Release|Any CPU.ActiveCfg = Release|Any CPU
		{A96D6E11-36DF-46A2-AE9C-CCC6375E96C4}.Release|Any CPU.Build.0 = Release|Any CPU
	EndGlobalSection
	GlobalSection(SolutionProperties) = preSolution
		HideSolutionNode = FALSE
	EndGlobalSection
	GlobalSection(NestedProjects) = preSolution
		{7441608B-B7F9-40FC-83BA-8BC6555C4D4E} = {8E2EB6C9-971E-4D1A-8847-0FE20F785B4D}
		{324F8340-160C-4576-9095-C0F63D1EEE55} = {8E2EB6C9-971E-4D1A-8847-0FE20F785B4D}
		{A8A255AA-0E2B-4CA6-828B-A07C4EA75BB4} = {8E2EB6C9-971E-4D1A-8847-0FE20F785B4D}
		{39992844-58C2-4407-A585-E94B414C5F64} = {8E2EB6C9-971E-4D1A-8847-0FE20F785B4D}
		{E6B53A5A-49B0-438F-927E-D43A9C2ED9E7} = {8E2EB6C9-971E-4D1A-8847-0FE20F785B4D}
		{204D9910-34D2-4C08-81FB-3B6051A7AE95} = {8E2EB6C9-971E-4D1A-8847-0FE20F785B4D}
		{AB271144-2C9E-451C-9AB2-F45A48FAD273} = {8E2EB6C9-971E-4D1A-8847-0FE20F785B4D}
		{2193D19B-4DAE-4E54-A215-4CC4F5FBA1EA} = {8E2EB6C9-971E-4D1A-8847-0FE20F785B4D}
		{3A39B03A-C824-40CF-AE6B-AF006E8314E5} = {8E2EB6C9-971E-4D1A-8847-0FE20F785B4D}
		{99EA2E6F-5590-4ADF-8E58-80B31989B86D} = {8E2EB6C9-971E-4D1A-8847-0FE20F785B4D}
		{9097AB12-5C5E-4EF5-BB28-C0D80F925DD6} = {8E2EB6C9-971E-4D1A-8847-0FE20F785B4D}
		{DB10189B-FF86-45C5-B865-613ACA68FF9B} = {8E2EB6C9-971E-4D1A-8847-0FE20F785B4D}
		{A96D6E11-36DF-46A2-AE9C-CCC6375E96C4} = {8E2EB6C9-971E-4D1A-8847-0FE20F785B4D}
	EndGlobalSection
	GlobalSection(ExtensibilityGlobals) = postSolution
		SolutionGuid = {EF99BDAF-001B-4728-8C75-CC8FDB1FDE0C}
	EndGlobalSection
EndGlobal
