
Microsoft Visual Studio Solution File, Format Version 12.00
# Visual Studio Version 16
VisualStudioVersion = 16.0.29920.165
MinimumVisualStudioVersion = 10.0.40219.1
Project("{2150E333-8FDC-42A3-9474-1A3956D46DE8}") = "Examples", "Examples", "{8E2EB6C9-971E-4D1A-8847-0FE20F785B4D}"
EndProject
Project("{9A19103F-16F7-4668-BE54-9A1E7A4F7556}") = "ExampleBrowser", "ExampleBrowser\ExampleBrowser.csproj", "{535BD5C5-1866-45E0-96B4-266EEFFDD4CA}"
EndProject
Project("{9A19103F-16F7-4668-BE54-9A1E7A4F7556}") = "ButtonDemo", "Examples\ButtonDemo\ButtonDemo.csproj", "{7441608B-B7F9-40FC-83BA-8BC6555C4D4E}"
EndProject
Project("{9A19103F-16F7-4668-BE54-9A1E7A4F7556}") = "CheckBoxDemo", "Examples\CheckBoxDemo\CheckBoxDemo.csproj", "{324F8340-160C-4576-9095-C0F63D1EEE55}"
EndProject
Project("{9A19103F-16F7-4668-BE54-9A1E7A4F7556}") = "VariousButtonsDemo", "Examples\VariousButtons\VariousButtonsDemo.csproj", "{A8A255AA-0E2B-4CA6-828B-A07C4EA75BB4}"
EndProject
Project("{9A19103F-16F7-4668-BE54-9A1E7A4F7556}") = "SQLiteDemo", "Examples\SQLiteDemo\SQLiteDemo.csproj", "{39992844-58C2-4407-A585-E94B414C5F64}"
EndProject
Project("{9A19103F-16F7-4668-BE54-9A1E7A4F7556}") = "SliderDemo", "Examples\SliderDemo\SliderDemo.csproj", "{E6B53A5A-49B0-438F-927E-D43A9C2ED9E7}"
EndProject
Project("{9A19103F-16F7-4668-BE54-9A1E7A4F7556}") = "RadioButtonDemo", "Examples\RadioButtonDemo\RadioButtonDemo.csproj", "{204D9910-34D2-4C08-81FB-3B6051A7AE95}"
EndProject
Project("{9A19103F-16F7-4668-BE54-9A1E7A4F7556}") = "ProgressBarDemo", "Examples\ProgressBarDemo\ProgressBarDemo.csproj", "{AB271144-2C9E-451C-9AB2-F45A48FAD273}"
EndProject
Project("{9A19103F-16F7-4668-BE54-9A1E7A4F7556}") = "ListViewDemo", "Examples\ListViewDemo\ListViewDemo.csproj", "{2193D19B-4DAE-4E54-A215-4CC4F5FBA1EA}"
EndProject
Project("{9A19103F-16F7-4668-BE54-9A1E7A4F7556}") = "HelloWorld", "Examples\HelloWorld\HelloWorld.csproj", "{3A39B03A-C824-40CF-AE6B-AF006E8314E5}"
EndProject
Project("{9A19103F-16F7-4668-BE54-9A1E7A4F7556}") = "GroupBoxDemo", "Examples\GroupBoxDemo\GroupBoxDemo.csproj", "{99EA2E6F-5590-4ADF-8E58-80B31989B86D}"
EndProject
Project("{9A19103F-16F7-4668-BE54-9A1E7A4F7556}") = "ExpanderDemo", "Examples\ExpanderDemo\ExpanderDemo.csproj", "{9097AB12-5C5E-4EF5-BB28-C0D80F925DD6}"
EndProject
Project("{9A19103F-16F7-4668-BE54-9A1E7A4F7556}") = "CustomerSettingSamp", "Examples\CustomerSettingSamp\CustomerSettingSamp.csproj", "{DB10189B-FF86-45C5-B865-613ACA68FF9B}"
EndProject
Project("{9A19103F-16F7-4668-BE54-9A1E7A4F7556}") = "AnimatedButton", "Examples\AnimatedButton\AnimatedButton.csproj", "{A96D6E11-36DF-46A2-AE9C-CCC6375E96C4}"
EndProject
Project("{9A19103F-16F7-4668-BE54-9A1E7A4F7556}") = "ComboBoxDemo", "Examples\ComboBoxDemo\ComboBoxDemo.csproj", "{84D0F0D6-1637-40B4-B388-D255A7BC0D47}"
EndProject
Project("{9A19103F-16F7-4668-BE54-9A1E7A4F7556}") = "GridDemo", "Examples\GridDemo\GridDemo.csproj", "{8C6888B0-F8ED-4514-91DF-3667973E99E7}"
EndProject
Project("{9A19103F-16F7-4668-BE54-9A1E7A4F7556}") = "DataTemplateDemo", "Examples\DataTemplateDemo\DataTemplateDemo.csproj", "{8983119E-0491-4FF4-B6CE-7148B9BCDB63}"
EndProject
Project("{9A19103F-16F7-4668-BE54-9A1E7A4F7556}") = "ListBoxDemo", "Examples\ListBoxDemo\ListBoxDemo.csproj", "{B5A9BDEA-1D5C-476D-8881-6DB078CBC86C}"
EndProject
Project("{9A19103F-16F7-4668-BE54-9A1E7A4F7556}") = "TabControlDemo", "Examples\TabControlDemo\TabControlDemo.csproj", "{DA402FB9-C53B-46D5-B872-6FB581B484EC}"
EndProject
Project("{9A19103F-16F7-4668-BE54-9A1E7A4F7556}") = "TreeViewDemo", "Examples\TreeViewDemo\TreeViewDemo.csproj", "{13E9D14A-3621-4839-B6DC-C09BE956C2B4}"
EndProject
Project("{9A19103F-16F7-4668-BE54-9A1E7A4F7556}") = "TextBlock_TextBoxDemo", "Examples\TextBlock_TextBoxDemo\TextBlock_TextBoxDemo.csproj", "{69AE53D3-D07E-47D9-9CAC-F88E06C474D9}"
EndProject
Project("{9A19103F-16F7-4668-BE54-9A1E7A4F7556}") = "MenuDemo", "Examples\MenuDemo\MenuDemo.csproj", "{40A72E9B-7049-49C4-8BEC-C38D08D97E6E}"
EndProject
Project("{9A19103F-16F7-4668-BE54-9A1E7A4F7556}") = "ToolBarDemo", "Examples\ToolBarDemo\ToolBarDemo.csproj", "{C2278DBB-141D-440F-889B-194B1B51A429}"
EndProject
Project("{9A19103F-16F7-4668-BE54-9A1E7A4F7556}") = "StatusBarDemo", "Examples\StatusBarDemo\StatusBarDemo.csproj", "{B0285E55-8FFE-4367-8768-0E23F6AF59B4}"
EndProject
Project("{9A19103F-16F7-4668-BE54-9A1E7A4F7556}") = "WrapPanelDemo", "Examples\WrapPanelDemo\WrapPanelDemo.csproj", "{E0ABB4A6-3F12-47EB-87E8-B5AD64053E1E}"
EndProject
Project("{9A19103F-16F7-4668-BE54-9A1E7A4F7556}") = "DockPanelDemo", "Examples\DockPanelDemo\DockPanelDemo.csproj", "{5E0E56E1-FE54-45AB-A563-325B7A46B9F9}"
EndProject
Project("{9A19103F-16F7-4668-BE54-9A1E7A4F7556}") = "CanvasDemo", "Examples\CanvasDemo\CanvasDemo.csproj", "{B53509F7-60C6-4DC4-8068-DBA59CEE17C6}"
EndProject
Project("{9A19103F-16F7-4668-BE54-9A1E7A4F7556}") = "TriggerDemo", "Examples\TriggerDemo\TriggerDemo.csproj", "{8BE05D44-B353-4141-BEAE-68236F9221DA}"
EndProject
Project("{9A19103F-16F7-4668-BE54-9A1E7A4F7556}") = "ControlTemplateDemo", "Examples\ControlTemplateDemo\ControlTemplateDemo.csproj", "{FB0ADE39-7DFD-46C2-93C5-53A6341D39D0}"
EndProject
Project("{9A19103F-16F7-4668-BE54-9A1E7A4F7556}") = "CustomButtonDemo", "Examples\CustomButtonDemo\CustomButtonDemo.csproj", "{73E66725-21DF-43D6-8A11-FC4CBAC32F75}"
EndProject
Project("{9A19103F-16F7-4668-BE54-9A1E7A4F7556}") = "TabControlDemo2", "TabControlDemo2\TabControlDemo2.csproj", "{8247641A-7771-44E2-9FE6-5F51652C816D}"
EndProject
Project("{FAE04EC0-301F-11D3-BF4B-00C04F79EFBC}") = "TriggerDemo2", "Examples\TriggerDemo2\TriggerDemo2.csproj", "{FF6F5126-C70A-4417-8880-217BA2B8F6BF}"
EndProject
Global
	GlobalSection(SolutionConfigurationPlatforms) = preSolution
		Debug|Any CPU = Debug|Any CPU
		Release|Any CPU = Release|Any CPU
	EndGlobalSection
	GlobalSection(ProjectConfigurationPlatforms) = postSolution
		{535BD5C5-1866-45E0-96B4-266EEFFDD4CA}.Debug|Any CPU.ActiveCfg = Debug|Any CPU
		{535BD5C5-1866-45E0-96B4-266EEFFDD4CA}.Debug|Any CPU.Build.0 = Debug|Any CPU
		{535BD5C5-1866-45E0-96B4-266EEFFDD4CA}.Release|Any CPU.ActiveCfg = Release|Any CPU
		{535BD5C5-1866-45E0-96B4-266EEFFDD4CA}.Release|Any CPU.Build.0 = Release|Any CPU
		{7441608B-B7F9-40FC-83BA-8BC6555C4D4E}.Debug|Any CPU.ActiveCfg = Debug|Any CPU
		{7441608B-B7F9-40FC-83BA-8BC6555C4D4E}.Debug|Any CPU.Build.0 = Debug|Any CPU
		{7441608B-B7F9-40FC-83BA-8BC6555C4D4E}.Release|Any CPU.ActiveCfg = Release|Any CPU
		{7441608B-B7F9-40FC-83BA-8BC6555C4D4E}.Release|Any CPU.Build.0 = Release|Any CPU
		{324F8340-160C-4576-9095-C0F63D1EEE55}.Debug|Any CPU.ActiveCfg = Debug|Any CPU
		{324F8340-160C-4576-9095-C0F63D1EEE55}.Debug|Any CPU.Build.0 = Debug|Any CPU
		{324F8340-160C-4576-9095-C0F63D1EEE55}.Release|Any CPU.ActiveCfg = Release|Any CPU
		{324F8340-160C-4576-9095-C0F63D1EEE55}.Release|Any CPU.Build.0 = Release|Any CPU
		{A8A255AA-0E2B-4CA6-828B-A07C4EA75BB4}.Debug|Any CPU.ActiveCfg = Debug|Any CPU
		{A8A255AA-0E2B-4CA6-828B-A07C4EA75BB4}.Debug|Any CPU.Build.0 = Debug|Any CPU
		{A8A255AA-0E2B-4CA6-828B-A07C4EA75BB4}.Release|Any CPU.ActiveCfg = Release|Any CPU
		{A8A255AA-0E2B-4CA6-828B-A07C4EA75BB4}.Release|Any CPU.Build.0 = Release|Any CPU
		{39992844-58C2-4407-A585-E94B414C5F64}.Debug|Any CPU.ActiveCfg = Debug|Any CPU
		{39992844-58C2-4407-A585-E94B414C5F64}.Debug|Any CPU.Build.0 = Debug|Any CPU
		{39992844-58C2-4407-A585-E94B414C5F64}.Release|Any CPU.ActiveCfg = Release|Any CPU
		{39992844-58C2-4407-A585-E94B414C5F64}.Release|Any CPU.Build.0 = Release|Any CPU
		{E6B53A5A-49B0-438F-927E-D43A9C2ED9E7}.Debug|Any CPU.ActiveCfg = Debug|Any CPU
		{E6B53A5A-49B0-438F-927E-D43A9C2ED9E7}.Debug|Any CPU.Build.0 = Debug|Any CPU
		{E6B53A5A-49B0-438F-927E-D43A9C2ED9E7}.Release|Any CPU.ActiveCfg = Release|Any CPU
		{E6B53A5A-49B0-438F-927E-D43A9C2ED9E7}.Release|Any CPU.Build.0 = Release|Any CPU
		{204D9910-34D2-4C08-81FB-3B6051A7AE95}.Debug|Any CPU.ActiveCfg = Debug|Any CPU
		{204D9910-34D2-4C08-81FB-3B6051A7AE95}.Debug|Any CPU.Build.0 = Debug|Any CPU
		{204D9910-34D2-4C08-81FB-3B6051A7AE95}.Release|Any CPU.ActiveCfg = Release|Any CPU
		{204D9910-34D2-4C08-81FB-3B6051A7AE95}.Release|Any CPU.Build.0 = Release|Any CPU
		{AB271144-2C9E-451C-9AB2-F45A48FAD273}.Debug|Any CPU.ActiveCfg = Debug|Any CPU
		{AB271144-2C9E-451C-9AB2-F45A48FAD273}.Debug|Any CPU.Build.0 = Debug|Any CPU
		{AB271144-2C9E-451C-9AB2-F45A48FAD273}.Release|Any CPU.ActiveCfg = Release|Any CPU
		{AB271144-2C9E-451C-9AB2-F45A48FAD273}.Release|Any CPU.Build.0 = Release|Any CPU
		{2193D19B-4DAE-4E54-A215-4CC4F5FBA1EA}.Debug|Any CPU.ActiveCfg = Debug|Any CPU
		{2193D19B-4DAE-4E54-A215-4CC4F5FBA1EA}.Debug|Any CPU.Build.0 = Debug|Any CPU
		{2193D19B-4DAE-4E54-A215-4CC4F5FBA1EA}.Release|Any CPU.ActiveCfg = Release|Any CPU
		{2193D19B-4DAE-4E54-A215-4CC4F5FBA1EA}.Release|Any CPU.Build.0 = Release|Any CPU
		{3A39B03A-C824-40CF-AE6B-AF006E8314E5}.Debug|Any CPU.ActiveCfg = Debug|Any CPU
		{3A39B03A-C824-40CF-AE6B-AF006E8314E5}.Debug|Any CPU.Build.0 = Debug|Any CPU
		{3A39B03A-C824-40CF-AE6B-AF006E8314E5}.Release|Any CPU.ActiveCfg = Release|Any CPU
		{3A39B03A-C824-40CF-AE6B-AF006E8314E5}.Release|Any CPU.Build.0 = Release|Any CPU
		{99EA2E6F-5590-4ADF-8E58-80B31989B86D}.Debug|Any CPU.ActiveCfg = Debug|Any CPU
		{99EA2E6F-5590-4ADF-8E58-80B31989B86D}.Debug|Any CPU.Build.0 = Debug|Any CPU
		{99EA2E6F-5590-4ADF-8E58-80B31989B86D}.Release|Any CPU.ActiveCfg = Release|Any CPU
		{99EA2E6F-5590-4ADF-8E58-80B31989B86D}.Release|Any CPU.Build.0 = Release|Any CPU
		{9097AB12-5C5E-4EF5-BB28-C0D80F925DD6}.Debug|Any CPU.ActiveCfg = Debug|Any CPU
		{9097AB12-5C5E-4EF5-BB28-C0D80F925DD6}.Debug|Any CPU.Build.0 = Debug|Any CPU
		{9097AB12-5C5E-4EF5-BB28-C0D80F925DD6}.Release|Any CPU.ActiveCfg = Release|Any CPU
		{9097AB12-5C5E-4EF5-BB28-C0D80F925DD6}.Release|Any CPU.Build.0 = Release|Any CPU
		{DB10189B-FF86-45C5-B865-613ACA68FF9B}.Debug|Any CPU.ActiveCfg = Debug|Any CPU
		{DB10189B-FF86-45C5-B865-613ACA68FF9B}.Debug|Any CPU.Build.0 = Debug|Any CPU
		{DB10189B-FF86-45C5-B865-613ACA68FF9B}.Release|Any CPU.ActiveCfg = Release|Any CPU
		{DB10189B-FF86-45C5-B865-613ACA68FF9B}.Release|Any CPU.Build.0 = Release|Any CPU
		{A96D6E11-36DF-46A2-AE9C-CCC6375E96C4}.Debug|Any CPU.ActiveCfg = Debug|Any CPU
		{A96D6E11-36DF-46A2-AE9C-CCC6375E96C4}.Debug|Any CPU.Build.0 = Debug|Any CPU
		{A96D6E11-36DF-46A2-AE9C-CCC6375E96C4}.Release|Any CPU.ActiveCfg = Release|Any CPU
		{A96D6E11-36DF-46A2-AE9C-CCC6375E96C4}.Release|Any CPU.Build.0 = Release|Any CPU
		{84D0F0D6-1637-40B4-B388-D255A7BC0D47}.Debug|Any CPU.ActiveCfg = Debug|Any CPU
		{84D0F0D6-1637-40B4-B388-D255A7BC0D47}.Debug|Any CPU.Build.0 = Debug|Any CPU
		{84D0F0D6-1637-40B4-B388-D255A7BC0D47}.Release|Any CPU.ActiveCfg = Release|Any CPU
		{84D0F0D6-1637-40B4-B388-D255A7BC0D47}.Release|Any CPU.Build.0 = Release|Any CPU
		{8C6888B0-F8ED-4514-91DF-3667973E99E7}.Debug|Any CPU.ActiveCfg = Debug|Any CPU
		{8C6888B0-F8ED-4514-91DF-3667973E99E7}.Debug|Any CPU.Build.0 = Debug|Any CPU
		{8C6888B0-F8ED-4514-91DF-3667973E99E7}.Release|Any CPU.ActiveCfg = Release|Any CPU
		{8C6888B0-F8ED-4514-91DF-3667973E99E7}.Release|Any CPU.Build.0 = Release|Any CPU
		{8983119E-0491-4FF4-B6CE-7148B9BCDB63}.Debug|Any CPU.ActiveCfg = Debug|Any CPU
		{8983119E-0491-4FF4-B6CE-7148B9BCDB63}.Debug|Any CPU.Build.0 = Debug|Any CPU
		{8983119E-0491-4FF4-B6CE-7148B9BCDB63}.Release|Any CPU.ActiveCfg = Release|Any CPU
		{8983119E-0491-4FF4-B6CE-7148B9BCDB63}.Release|Any CPU.Build.0 = Release|Any CPU
		{B5A9BDEA-1D5C-476D-8881-6DB078CBC86C}.Debug|Any CPU.ActiveCfg = Debug|Any CPU
		{B5A9BDEA-1D5C-476D-8881-6DB078CBC86C}.Debug|Any CPU.Build.0 = Debug|Any CPU
		{B5A9BDEA-1D5C-476D-8881-6DB078CBC86C}.Release|Any CPU.ActiveCfg = Release|Any CPU
		{B5A9BDEA-1D5C-476D-8881-6DB078CBC86C}.Release|Any CPU.Build.0 = Release|Any CPU
		{DA402FB9-C53B-46D5-B872-6FB581B484EC}.Debug|Any CPU.ActiveCfg = Debug|Any CPU
		{DA402FB9-C53B-46D5-B872-6FB581B484EC}.Debug|Any CPU.Build.0 = Debug|Any CPU
		{DA402FB9-C53B-46D5-B872-6FB581B484EC}.Release|Any CPU.ActiveCfg = Release|Any CPU
		{DA402FB9-C53B-46D5-B872-6FB581B484EC}.Release|Any CPU.Build.0 = Release|Any CPU
		{13E9D14A-3621-4839-B6DC-C09BE956C2B4}.Debug|Any CPU.ActiveCfg = Debug|Any CPU
		{13E9D14A-3621-4839-B6DC-C09BE956C2B4}.Debug|Any CPU.Build.0 = Debug|Any CPU
		{13E9D14A-3621-4839-B6DC-C09BE956C2B4}.Release|Any CPU.ActiveCfg = Release|Any CPU
		{13E9D14A-3621-4839-B6DC-C09BE956C2B4}.Release|Any CPU.Build.0 = Release|Any CPU
		{69AE53D3-D07E-47D9-9CAC-F88E06C474D9}.Debug|Any CPU.ActiveCfg = Debug|Any CPU
		{69AE53D3-D07E-47D9-9CAC-F88E06C474D9}.Debug|Any CPU.Build.0 = Debug|Any CPU
		{69AE53D3-D07E-47D9-9CAC-F88E06C474D9}.Release|Any CPU.ActiveCfg = Release|Any CPU
		{69AE53D3-D07E-47D9-9CAC-F88E06C474D9}.Release|Any CPU.Build.0 = Release|Any CPU
		{40A72E9B-7049-49C4-8BEC-C38D08D97E6E}.Debug|Any CPU.ActiveCfg = Debug|Any CPU
		{40A72E9B-7049-49C4-8BEC-C38D08D97E6E}.Debug|Any CPU.Build.0 = Debug|Any CPU
		{40A72E9B-7049-49C4-8BEC-C38D08D97E6E}.Release|Any CPU.ActiveCfg = Release|Any CPU
		{40A72E9B-7049-49C4-8BEC-C38D08D97E6E}.Release|Any CPU.Build.0 = Release|Any CPU
		{C2278DBB-141D-440F-889B-194B1B51A429}.Debug|Any CPU.ActiveCfg = Debug|Any CPU
		{C2278DBB-141D-440F-889B-194B1B51A429}.Debug|Any CPU.Build.0 = Debug|Any CPU
		{C2278DBB-141D-440F-889B-194B1B51A429}.Release|Any CPU.ActiveCfg = Release|Any CPU
		{C2278DBB-141D-440F-889B-194B1B51A429}.Release|Any CPU.Build.0 = Release|Any CPU
		{B0285E55-8FFE-4367-8768-0E23F6AF59B4}.Debug|Any CPU.ActiveCfg = Debug|Any CPU
		{B0285E55-8FFE-4367-8768-0E23F6AF59B4}.Debug|Any CPU.Build.0 = Debug|Any CPU
		{B0285E55-8FFE-4367-8768-0E23F6AF59B4}.Release|Any CPU.ActiveCfg = Release|Any CPU
		{B0285E55-8FFE-4367-8768-0E23F6AF59B4}.Release|Any CPU.Build.0 = Release|Any CPU
		{E0ABB4A6-3F12-47EB-87E8-B5AD64053E1E}.Debug|Any CPU.ActiveCfg = Debug|Any CPU
		{E0ABB4A6-3F12-47EB-87E8-B5AD64053E1E}.Debug|Any CPU.Build.0 = Debug|Any CPU
		{E0ABB4A6-3F12-47EB-87E8-B5AD64053E1E}.Release|Any CPU.ActiveCfg = Release|Any CPU
		{E0ABB4A6-3F12-47EB-87E8-B5AD64053E1E}.Release|Any CPU.Build.0 = Release|Any CPU
		{5E0E56E1-FE54-45AB-A563-325B7A46B9F9}.Debug|Any CPU.ActiveCfg = Debug|Any CPU
		{5E0E56E1-FE54-45AB-A563-325B7A46B9F9}.Debug|Any CPU.Build.0 = Debug|Any CPU
		{5E0E56E1-FE54-45AB-A563-325B7A46B9F9}.Release|Any CPU.ActiveCfg = Release|Any CPU
		{5E0E56E1-FE54-45AB-A563-325B7A46B9F9}.Release|Any CPU.Build.0 = Release|Any CPU
		{B53509F7-60C6-4DC4-8068-DBA59CEE17C6}.Debug|Any CPU.ActiveCfg = Debug|Any CPU
		{B53509F7-60C6-4DC4-8068-DBA59CEE17C6}.Debug|Any CPU.Build.0 = Debug|Any CPU
		{B53509F7-60C6-4DC4-8068-DBA59CEE17C6}.Release|Any CPU.ActiveCfg = Release|Any CPU
		{B53509F7-60C6-4DC4-8068-DBA59CEE17C6}.Release|Any CPU.Build.0 = Release|Any CPU
		{8BE05D44-B353-4141-BEAE-68236F9221DA}.Debug|Any CPU.ActiveCfg = Debug|Any CPU
		{8BE05D44-B353-4141-BEAE-68236F9221DA}.Debug|Any CPU.Build.0 = Debug|Any CPU
		{8BE05D44-B353-4141-BEAE-68236F9221DA}.Release|Any CPU.ActiveCfg = Release|Any CPU
		{8BE05D44-B353-4141-BEAE-68236F9221DA}.Release|Any CPU.Build.0 = Release|Any CPU
		{FB0ADE39-7DFD-46C2-93C5-53A6341D39D0}.Debug|Any CPU.ActiveCfg = Debug|Any CPU
		{FB0ADE39-7DFD-46C2-93C5-53A6341D39D0}.Debug|Any CPU.Build.0 = Debug|Any CPU
		{FB0ADE39-7DFD-46C2-93C5-53A6341D39D0}.Release|Any CPU.ActiveCfg = Release|Any CPU
		{FB0ADE39-7DFD-46C2-93C5-53A6341D39D0}.Release|Any CPU.Build.0 = Release|Any CPU
		{73E66725-21DF-43D6-8A11-FC4CBAC32F75}.Debug|Any CPU.ActiveCfg = Debug|Any CPU
		{73E66725-21DF-43D6-8A11-FC4CBAC32F75}.Debug|Any CPU.Build.0 = Debug|Any CPU
		{73E66725-21DF-43D6-8A11-FC4CBAC32F75}.Release|Any CPU.ActiveCfg = Release|Any CPU
		{73E66725-21DF-43D6-8A11-FC4CBAC32F75}.Release|Any CPU.Build.0 = Release|Any CPU
		{8247641A-7771-44E2-9FE6-5F51652C816D}.Debug|Any CPU.ActiveCfg = Debug|Any CPU
		{8247641A-7771-44E2-9FE6-5F51652C816D}.Debug|Any CPU.Build.0 = Debug|Any CPU
		{8247641A-7771-44E2-9FE6-5F51652C816D}.Release|Any CPU.ActiveCfg = Release|Any CPU
		{8247641A-7771-44E2-9FE6-5F51652C816D}.Release|Any CPU.Build.0 = Release|Any CPU
		{FF6F5126-C70A-4417-8880-217BA2B8F6BF}.Debug|Any CPU.ActiveCfg = Debug|Any CPU
		{FF6F5126-C70A-4417-8880-217BA2B8F6BF}.Debug|Any CPU.Build.0 = Debug|Any CPU
		{FF6F5126-C70A-4417-8880-217BA2B8F6BF}.Release|Any CPU.ActiveCfg = Release|Any CPU
		{FF6F5126-C70A-4417-8880-217BA2B8F6BF}.Release|Any CPU.Build.0 = Release|Any CPU
	EndGlobalSection
	GlobalSection(SolutionProperties) = preSolution
		HideSolutionNode = FALSE
	EndGlobalSection
	GlobalSection(NestedProjects) = preSolution
		{7441608B-B7F9-40FC-83BA-8BC6555C4D4E} = {8E2EB6C9-971E-4D1A-8847-0FE20F785B4D}
		{324F8340-160C-4576-9095-C0F63D1EEE55} = {8E2EB6C9-971E-4D1A-8847-0FE20F785B4D}
		{A8A255AA-0E2B-4CA6-828B-A07C4EA75BB4} = {8E2EB6C9-971E-4D1A-8847-0FE20F785B4D}
		{39992844-58C2-4407-A585-E94B414C5F64} = {8E2EB6C9-971E-4D1A-8847-0FE20F785B4D}
		{E6B53A5A-49B0-438F-927E-D43A9C2ED9E7} = {8E2EB6C9-971E-4D1A-8847-0FE20F785B4D}
		{204D9910-34D2-4C08-81FB-3B6051A7AE95} = {8E2EB6C9-971E-4D1A-8847-0FE20F785B4D}
		{AB271144-2C9E-451C-9AB2-F45A48FAD273} = {8E2EB6C9-971E-4D1A-8847-0FE20F785B4D}
		{2193D19B-4DAE-4E54-A215-4CC4F5FBA1EA} = {8E2EB6C9-971E-4D1A-8847-0FE20F785B4D}
		{3A39B03A-C824-40CF-AE6B-AF006E8314E5} = {8E2EB6C9-971E-4D1A-8847-0FE20F785B4D}
		{99EA2E6F-5590-4ADF-8E58-80B31989B86D} = {8E2EB6C9-971E-4D1A-8847-0FE20F785B4D}
		{9097AB12-5C5E-4EF5-BB28-C0D80F925DD6} = {8E2EB6C9-971E-4D1A-8847-0FE20F785B4D}
		{DB10189B-FF86-45C5-B865-613ACA68FF9B} = {8E2EB6C9-971E-4D1A-8847-0FE20F785B4D}
		{A96D6E11-36DF-46A2-AE9C-CCC6375E96C4} = {8E2EB6C9-971E-4D1A-8847-0FE20F785B4D}
		{84D0F0D6-1637-40B4-B388-D255A7BC0D47} = {8E2EB6C9-971E-4D1A-8847-0FE20F785B4D}
		{8C6888B0-F8ED-4514-91DF-3667973E99E7} = {8E2EB6C9-971E-4D1A-8847-0FE20F785B4D}
		{8983119E-0491-4FF4-B6CE-7148B9BCDB63} = {8E2EB6C9-971E-4D1A-8847-0FE20F785B4D}
		{B5A9BDEA-1D5C-476D-8881-6DB078CBC86C} = {8E2EB6C9-971E-4D1A-8847-0FE20F785B4D}
		{DA402FB9-C53B-46D5-B872-6FB581B484EC} = {8E2EB6C9-971E-4D1A-8847-0FE20F785B4D}
		{13E9D14A-3621-4839-B6DC-C09BE956C2B4} = {8E2EB6C9-971E-4D1A-8847-0FE20F785B4D}
		{69AE53D3-D07E-47D9-9CAC-F88E06C474D9} = {8E2EB6C9-971E-4D1A-8847-0FE20F785B4D}
		{40A72E9B-7049-49C4-8BEC-C38D08D97E6E} = {8E2EB6C9-971E-4D1A-8847-0FE20F785B4D}
		{C2278DBB-141D-440F-889B-194B1B51A429} = {8E2EB6C9-971E-4D1A-8847-0FE20F785B4D}
		{B0285E55-8FFE-4367-8768-0E23F6AF59B4} = {8E2EB6C9-971E-4D1A-8847-0FE20F785B4D}
		{E0ABB4A6-3F12-47EB-87E8-B5AD64053E1E} = {8E2EB6C9-971E-4D1A-8847-0FE20F785B4D}
		{5E0E56E1-FE54-45AB-A563-325B7A46B9F9} = {8E2EB6C9-971E-4D1A-8847-0FE20F785B4D}
		{B53509F7-60C6-4DC4-8068-DBA59CEE17C6} = {8E2EB6C9-971E-4D1A-8847-0FE20F785B4D}
		{8BE05D44-B353-4141-BEAE-68236F9221DA} = {8E2EB6C9-971E-4D1A-8847-0FE20F785B4D}
		{FB0ADE39-7DFD-46C2-93C5-53A6341D39D0} = {8E2EB6C9-971E-4D1A-8847-0FE20F785B4D}
		{73E66725-21DF-43D6-8A11-FC4CBAC32F75} = {8E2EB6C9-971E-4D1A-8847-0FE20F785B4D}
		{8247641A-7771-44E2-9FE6-5F51652C816D} = {8E2EB6C9-971E-4D1A-8847-0FE20F785B4D}
		{FF6F5126-C70A-4417-8880-217BA2B8F6BF} = {8E2EB6C9-971E-4D1A-8847-0FE20F785B4D}
	EndGlobalSection
	GlobalSection(ExtensibilityGlobals) = postSolution
		SolutionGuid = {EF99BDAF-001B-4728-8C75-CC8FDB1FDE0C}
	EndGlobalSection
EndGlobal
